
Microsoft Visual Studio Solution File, Format Version 12.00
# Visual Studio 2012
Project("{FAE04EC0-301F-11D3-BF4B-00C04F79EFBC}") = "CSC480_HW1_EightPuzzle", "CSC480_HW1_EightPuzzle\CSC480_HW1_EightPuzzle.csproj", "{C66019FD-AA03-4E87-9D29-61E72FB26B86}"
EndProject
Global
	GlobalSection(SolutionConfigurationPlatforms) = preSolution
		Debug|Any CPU = Debug|Any CPU
		Release|Any CPU = Release|Any CPU
	EndGlobalSection
	GlobalSection(ProjectConfigurationPlatforms) = postSolution
		{C66019FD-AA03-4E87-9D29-61E72FB26B86}.Debug|Any CPU.ActiveCfg = Debug|Any CPU
		{C66019FD-AA03-4E87-9D29-61E72FB26B86}.Debug|Any CPU.Build.0 = Debug|Any CPU
		{C66019FD-AA03-4E87-9D29-61E72FB26B86}.Release|Any CPU.ActiveCfg = Release|Any CPU
		{C66019FD-AA03-4E87-9D29-61E72FB26B86}.Release|Any CPU.Build.0 = Release|Any CPU
	EndGlobalSection
	GlobalSection(SolutionProperties) = preSolution
		HideSolutionNode = FALSE
	EndGlobalSection
EndGlobal
